
Microsoft Visual Studio Solution File, Format Version 12.00
# Visual Studio 15
VisualStudioVersion = 15.0.28010.2016
MinimumVisualStudioVersion = 10.0.40219.1
Project("{E24C65DC-7377-472B-9ABA-BC803B73C61A}") = "SysView", "SysView\", "{A5F5F759-86FE-4F0B-8D07-4C0A276BF59C}"
	ProjectSection(WebsiteProperties) = preProject
		TargetFrameworkMoniker = ".NETFramework,Version%3Dv4.6.1"
		Debug.AspNetCompiler.VirtualPath = "/localhost_62702"
		Debug.AspNetCompiler.PhysicalPath = "SysView\"
		Debug.AspNetCompiler.TargetPath = "PrecompiledWeb\localhost_62702\"
		Debug.AspNetCompiler.Updateable = "true"
		Debug.AspNetCompiler.ForceOverwrite = "true"
		Debug.AspNetCompiler.FixedNames = "false"
		Debug.AspNetCompiler.Debug = "True"
		Release.AspNetCompiler.VirtualPath = "/localhost_62702"
		Release.AspNetCompiler.PhysicalPath = "SysView\"
		Release.AspNetCompiler.TargetPath = "PrecompiledWeb\localhost_62702\"
		Release.AspNetCompiler.Updateable = "true"
		Release.AspNetCompiler.ForceOverwrite = "true"
		Release.AspNetCompiler.FixedNames = "false"
		Release.AspNetCompiler.Debug = "False"
		VWDPort = "62702"
		SlnRelativePath = "SysView\"
		DefaultWebSiteLanguage = "Visual C#"
	EndProjectSection
EndProject
Global
	GlobalSection(SolutionConfigurationPlatforms) = preSolution
		Debug|Any CPU = Debug|Any CPU
	EndGlobalSection
	GlobalSection(ProjectConfigurationPlatforms) = postSolution
		{A5F5F759-86FE-4F0B-8D07-4C0A276BF59C}.Debug|Any CPU.ActiveCfg = Debug|Any CPU
		{A5F5F759-86FE-4F0B-8D07-4C0A276BF59C}.Debug|Any CPU.Build.0 = Debug|Any CPU
	EndGlobalSection
	GlobalSection(SolutionProperties) = preSolution
		HideSolutionNode = FALSE
	EndGlobalSection
	GlobalSection(ExtensibilityGlobals) = postSolution
		SolutionGuid = {39BD75DC-5B09-4C13-9A42-789749236BE9}
	EndGlobalSection
EndGlobal
